{
  "name": "reservia",
  "version": "1.0.0",
  "lockfileVersion": 1,
  "requires": true,
  "dependencies": {
    "@fortawesome/fontawesome-free": {
      "version": "5.15.1",
      "resolved": "https://registry.npmjs.org/@fortawesome/fontawesome-free/-/fontawesome-free-5.15.1.tgz",
      "integrity": "sha512-OEdH7SyC1suTdhBGW91/zBfR6qaIhThbcN8PUXtXilY4GYnSBbVqOntdHbC1vXwsDnX0Qix2m2+DSU1J51ybOQ=="
    },
    "fontsource-raleway": {
      "version": "3.0.9",
      "resolved": "https://registry.npmjs.org/fontsource-raleway/-/fontsource-raleway-3.0.9.tgz",
      "integrity": "sha512-TtvH82FIK0SgNc/ynLUYozwiSk8IB6FgZ0ujZ0sgUhpdAvH+gKaCoopT9faBh9c59JGwicIej0x2fWz7NhsKSQ=="
    }
  }
}
